// !$*UTF8*$!
{
	archiveVersion = 1;
	classes = {
	};
	objectVersion = 56;
	objects = {

/* Begin PBXBuildFile section */
		2853286D7B5C8657AA2BF6E2 /* Pods_BookMarkTests.framework in Frameworks */ = {isa = PBXBuildFile; fileRef = 0634748C1B2B1E9AB6E9148F /* Pods_BookMarkTests.framework */; };
		2D1792F120AE6B7E7D9865EF /* Pods_BookMark_BookMarkUITests.framework in Frameworks */ = {isa = PBXBuildFile; fileRef = 4CE0D97CE21C9309C8379535 /* Pods_BookMark_BookMarkUITests.framework */; };
		6FD483EE7B1F9EF82129E1BF /* Pods_BookMark.framework in Frameworks */ = {isa = PBXBuildFile; fileRef = 2B53A072B755B88F76123F0E /* Pods_BookMark.framework */; };
		D83CF712297278960032A43D /* Localizable.strings in Resources */ = {isa = PBXBuildFile; fileRef = D83CF714297278960032A43D /* Localizable.strings */; };
		D83CF71729727CAC0032A43D /* StringExtension.swift in Sources */ = {isa = PBXBuildFile; fileRef = D83CF71629727CAC0032A43D /* StringExtension.swift */; };
		D83CF71E2972A6E80032A43D /* MyBookRowView.swift in Sources */ = {isa = PBXBuildFile; fileRef = D83CF71D2972A6E80032A43D /* MyBookRowView.swift */; };
		D83CF7232972BA980032A43D /* BookModel.xcdatamodeld in Sources */ = {isa = PBXBuildFile; fileRef = D83CF7212972BA980032A43D /* BookModel.xcdatamodeld */; };
		D83CF72F2972C0110032A43D /* BookRead+CoreDataClass.swift in Sources */ = {isa = PBXBuildFile; fileRef = D83CF72D2972C0110032A43D /* BookRead+CoreDataClass.swift */; };
		D83CF7302972C0110032A43D /* BookRead+CoreDataProperties.swift in Sources */ = {isa = PBXBuildFile; fileRef = D83CF72E2972C0110032A43D /* BookRead+CoreDataProperties.swift */; };
		D83CF7342972F7CD0032A43D /* CoreDataManager.swift in Sources */ = {isa = PBXBuildFile; fileRef = D83CF7332972F7CD0032A43D /* CoreDataManager.swift */; };
		D8AD97F7297160C6001AE558 /* BookSearchViewModel.swift in Sources */ = {isa = PBXBuildFile; fileRef = D8AD97F0297160C6001AE558 /* BookSearchViewModel.swift */; };
		D8AD97F8297160C6001AE558 /* BookSearchModel.swift in Sources */ = {isa = PBXBuildFile; fileRef = D8AD97F2297160C6001AE558 /* BookSearchModel.swift */; };
		D8AD97F9297160C6001AE558 /* BookSearchView.swift in Sources */ = {isa = PBXBuildFile; fileRef = D8AD97F4297160C6001AE558 /* BookSearchView.swift */; };
		D8AD97FA297160C6001AE558 /* BookSearchRowView.swift in Sources */ = {isa = PBXBuildFile; fileRef = D8AD97F6297160C6001AE558 /* BookSearchRowView.swift */; };
		D8AD98022971611A001AE558 /* MyBookListView.swift in Sources */ = {isa = PBXBuildFile; fileRef = D8AD98012971611A001AE558 /* MyBookListView.swift */; };
		D8AD980A29716120001AE558 /* ColorExtension.swift in Sources */ = {isa = PBXBuildFile; fileRef = D8AD980529716120001AE558 /* ColorExtension.swift */; };
		D8AD980B29716120001AE558 /* HTTPMethod.swift in Sources */ = {isa = PBXBuildFile; fileRef = D8AD980729716120001AE558 /* HTTPMethod.swift */; };
		D8AD980F29716123001AE558 /* NaverAPIManager.swift in Sources */ = {isa = PBXBuildFile; fileRef = D8AD980E29716123001AE558 /* NaverAPIManager.swift */; };
		D8AD981329716588001AE558 /* MainView.swift in Sources */ = {isa = PBXBuildFile; fileRef = D8AD981229716588001AE558 /* MainView.swift */; };
		D8C645FA296FCD6C00F1788C /* BookMarkApp.swift in Sources */ = {isa = PBXBuildFile; fileRef = D8C645F9296FCD6C00F1788C /* BookMarkApp.swift */; };
		D8C645FC296FCD6C00F1788C /* ContentView.swift in Sources */ = {isa = PBXBuildFile; fileRef = D8C645FB296FCD6C00F1788C /* ContentView.swift */; };
		D8C645FE296FCD6E00F1788C /* Assets.xcassets in Resources */ = {isa = PBXBuildFile; fileRef = D8C645FD296FCD6E00F1788C /* Assets.xcassets */; };
		D8C64601296FCD6E00F1788C /* Preview Assets.xcassets in Resources */ = {isa = PBXBuildFile; fileRef = D8C64600296FCD6E00F1788C /* Preview Assets.xcassets */; };
		D8C6460B296FCD6E00F1788C /* BookMarkTests.swift in Sources */ = {isa = PBXBuildFile; fileRef = D8C6460A296FCD6E00F1788C /* BookMarkTests.swift */; };
		D8C64615296FCD6E00F1788C /* BookMarkUITests.swift in Sources */ = {isa = PBXBuildFile; fileRef = D8C64614296FCD6E00F1788C /* BookMarkUITests.swift */; };
		D8C64617296FCD6E00F1788C /* BookMarkUITestsLaunchTests.swift in Sources */ = {isa = PBXBuildFile; fileRef = D8C64616296FCD6E00F1788C /* BookMarkUITestsLaunchTests.swift */; };
/* End PBXBuildFile section */

/* Begin PBXContainerItemProxy section */
		D8C64607296FCD6E00F1788C /* PBXContainerItemProxy */ = {
			isa = PBXContainerItemProxy;
			containerPortal = D8C645EE296FCD6C00F1788C /* Project object */;
			proxyType = 1;
			remoteGlobalIDString = D8C645F5296FCD6C00F1788C;
			remoteInfo = BookMark;
		};
		D8C64611296FCD6E00F1788C /* PBXContainerItemProxy */ = {
			isa = PBXContainerItemProxy;
			containerPortal = D8C645EE296FCD6C00F1788C /* Project object */;
			proxyType = 1;
			remoteGlobalIDString = D8C645F5296FCD6C00F1788C;
			remoteInfo = BookMark;
		};
/* End PBXContainerItemProxy section */

/* Begin PBXFileReference section */
		0634748C1B2B1E9AB6E9148F /* Pods_BookMarkTests.framework */ = {isa = PBXFileReference; explicitFileType = wrapper.framework; includeInIndex = 0; path = Pods_BookMarkTests.framework; sourceTree = BUILT_PRODUCTS_DIR; };
		082E49B6D62BF225F9EE38F5 /* Pods-BookMarkTests.debug.xcconfig */ = {isa = PBXFileReference; includeInIndex = 1; lastKnownFileType = text.xcconfig; name = "Pods-BookMarkTests.debug.xcconfig"; path = "Target Support Files/Pods-BookMarkTests/Pods-BookMarkTests.debug.xcconfig"; sourceTree = "<group>"; };
		2B53A072B755B88F76123F0E /* Pods_BookMark.framework */ = {isa = PBXFileReference; explicitFileType = wrapper.framework; includeInIndex = 0; path = Pods_BookMark.framework; sourceTree = BUILT_PRODUCTS_DIR; };
		40DF0F88903E476A2D0F5C5E /* Pods-BookMarkTests.release.xcconfig */ = {isa = PBXFileReference; includeInIndex = 1; lastKnownFileType = text.xcconfig; name = "Pods-BookMarkTests.release.xcconfig"; path = "Target Support Files/Pods-BookMarkTests/Pods-BookMarkTests.release.xcconfig"; sourceTree = "<group>"; };
		4CE0D97CE21C9309C8379535 /* Pods_BookMark_BookMarkUITests.framework */ = {isa = PBXFileReference; explicitFileType = wrapper.framework; includeInIndex = 0; path = Pods_BookMark_BookMarkUITests.framework; sourceTree = BUILT_PRODUCTS_DIR; };
		58B60F12C7B7E0A176175498 /* Pods-BookMark-BookMarkUITests.release.xcconfig */ = {isa = PBXFileReference; includeInIndex = 1; lastKnownFileType = text.xcconfig; name = "Pods-BookMark-BookMarkUITests.release.xcconfig"; path = "Target Support Files/Pods-BookMark-BookMarkUITests/Pods-BookMark-BookMarkUITests.release.xcconfig"; sourceTree = "<group>"; };
		AEAA0129621F762D1239F6D6 /* Pods-BookMark.release.xcconfig */ = {isa = PBXFileReference; includeInIndex = 1; lastKnownFileType = text.xcconfig; name = "Pods-BookMark.release.xcconfig"; path = "Target Support Files/Pods-BookMark/Pods-BookMark.release.xcconfig"; sourceTree = "<group>"; };
		CF9488F01DA31CD538AFBA6D /* Pods-BookMark.debug.xcconfig */ = {isa = PBXFileReference; includeInIndex = 1; lastKnownFileType = text.xcconfig; name = "Pods-BookMark.debug.xcconfig"; path = "Target Support Files/Pods-BookMark/Pods-BookMark.debug.xcconfig"; sourceTree = "<group>"; };
		D83CF713297278960032A43D /* en */ = {isa = PBXFileReference; lastKnownFileType = text.plist.strings; name = en; path = en.lproj/Localizable.strings; sourceTree = "<group>"; };
		D83CF715297278BB0032A43D /* ko */ = {isa = PBXFileReference; lastKnownFileType = text.plist.strings; name = ko; path = ko.lproj/Localizable.strings; sourceTree = "<group>"; };
		D83CF71629727CAC0032A43D /* StringExtension.swift */ = {isa = PBXFileReference; lastKnownFileType = sourcecode.swift; path = StringExtension.swift; sourceTree = "<group>"; };
		D83CF71D2972A6E80032A43D /* MyBookRowView.swift */ = {isa = PBXFileReference; lastKnownFileType = sourcecode.swift; path = MyBookRowView.swift; sourceTree = "<group>"; };
		D83CF7222972BA980032A43D /* BookModel.xcdatamodel */ = {isa = PBXFileReference; lastKnownFileType = wrapper.xcdatamodel; path = BookModel.xcdatamodel; sourceTree = "<group>"; };
		D83CF72D2972C0110032A43D /* BookRead+CoreDataClass.swift */ = {isa = PBXFileReference; lastKnownFileType = sourcecode.swift; path = "BookRead+CoreDataClass.swift"; sourceTree = "<group>"; };
		D83CF72E2972C0110032A43D /* BookRead+CoreDataProperties.swift */ = {isa = PBXFileReference; lastKnownFileType = sourcecode.swift; path = "BookRead+CoreDataProperties.swift"; sourceTree = "<group>"; };
		D83CF7332972F7CD0032A43D /* CoreDataManager.swift */ = {isa = PBXFileReference; lastKnownFileType = sourcecode.swift; path = CoreDataManager.swift; sourceTree = "<group>"; };
		D8AD97F0297160C6001AE558 /* BookSearchViewModel.swift */ = {isa = PBXFileReference; fileEncoding = 4; lastKnownFileType = sourcecode.swift; path = BookSearchViewModel.swift; sourceTree = "<group>"; };
		D8AD97F2297160C6001AE558 /* BookSearchModel.swift */ = {isa = PBXFileReference; fileEncoding = 4; lastKnownFileType = sourcecode.swift; path = BookSearchModel.swift; sourceTree = "<group>"; };
		D8AD97F4297160C6001AE558 /* BookSearchView.swift */ = {isa = PBXFileReference; fileEncoding = 4; lastKnownFileType = sourcecode.swift; path = BookSearchView.swift; sourceTree = "<group>"; };
		D8AD97F6297160C6001AE558 /* BookSearchRowView.swift */ = {isa = PBXFileReference; fileEncoding = 4; lastKnownFileType = sourcecode.swift; path = BookSearchRowView.swift; sourceTree = "<group>"; };
		D8AD98012971611A001AE558 /* MyBookListView.swift */ = {isa = PBXFileReference; fileEncoding = 4; lastKnownFileType = sourcecode.swift; path = MyBookListView.swift; sourceTree = "<group>"; };
		D8AD980529716120001AE558 /* ColorExtension.swift */ = {isa = PBXFileReference; fileEncoding = 4; lastKnownFileType = sourcecode.swift; path = ColorExtension.swift; sourceTree = "<group>"; };
		D8AD980729716120001AE558 /* HTTPMethod.swift */ = {isa = PBXFileReference; fileEncoding = 4; lastKnownFileType = sourcecode.swift; path = HTTPMethod.swift; sourceTree = "<group>"; };
		D8AD980E29716123001AE558 /* NaverAPIManager.swift */ = {isa = PBXFileReference; fileEncoding = 4; lastKnownFileType = sourcecode.swift; path = NaverAPIManager.swift; sourceTree = "<group>"; };
		D8AD981229716588001AE558 /* MainView.swift */ = {isa = PBXFileReference; fileEncoding = 4; lastKnownFileType = sourcecode.swift; path = MainView.swift; sourceTree = "<group>"; };
		D8C645F6296FCD6C00F1788C /* BookMark.app */ = {isa = PBXFileReference; explicitFileType = wrapper.application; includeInIndex = 0; path = BookMark.app; sourceTree = BUILT_PRODUCTS_DIR; };
		D8C645F9296FCD6C00F1788C /* BookMarkApp.swift */ = {isa = PBXFileReference; lastKnownFileType = sourcecode.swift; path = BookMarkApp.swift; sourceTree = "<group>"; };
		D8C645FB296FCD6C00F1788C /* ContentView.swift */ = {isa = PBXFileReference; lastKnownFileType = sourcecode.swift; path = ContentView.swift; sourceTree = "<group>"; };
		D8C645FD296FCD6E00F1788C /* Assets.xcassets */ = {isa = PBXFileReference; lastKnownFileType = folder.assetcatalog; path = Assets.xcassets; sourceTree = "<group>"; };
		D8C64600296FCD6E00F1788C /* Preview Assets.xcassets */ = {isa = PBXFileReference; lastKnownFileType = folder.assetcatalog; path = "Preview Assets.xcassets"; sourceTree = "<group>"; };
		D8C64606296FCD6E00F1788C /* BookMarkTests.xctest */ = {isa = PBXFileReference; explicitFileType = wrapper.cfbundle; includeInIndex = 0; path = BookMarkTests.xctest; sourceTree = BUILT_PRODUCTS_DIR; };
		D8C6460A296FCD6E00F1788C /* BookMarkTests.swift */ = {isa = PBXFileReference; lastKnownFileType = sourcecode.swift; path = BookMarkTests.swift; sourceTree = "<group>"; };
		D8C64610296FCD6E00F1788C /* BookMarkUITests.xctest */ = {isa = PBXFileReference; explicitFileType = wrapper.cfbundle; includeInIndex = 0; path = BookMarkUITests.xctest; sourceTree = BUILT_PRODUCTS_DIR; };
		D8C64614296FCD6E00F1788C /* BookMarkUITests.swift */ = {isa = PBXFileReference; lastKnownFileType = sourcecode.swift; path = BookMarkUITests.swift; sourceTree = "<group>"; };
		D8C64616296FCD6E00F1788C /* BookMarkUITestsLaunchTests.swift */ = {isa = PBXFileReference; lastKnownFileType = sourcecode.swift; path = BookMarkUITestsLaunchTests.swift; sourceTree = "<group>"; };
		DC75CD3B0FD21F69F45AB131 /* Pods-BookMark-BookMarkUITests.debug.xcconfig */ = {isa = PBXFileReference; includeInIndex = 1; lastKnownFileType = text.xcconfig; name = "Pods-BookMark-BookMarkUITests.debug.xcconfig"; path = "Target Support Files/Pods-BookMark-BookMarkUITests/Pods-BookMark-BookMarkUITests.debug.xcconfig"; sourceTree = "<group>"; };
/* End PBXFileReference section */

/* Begin PBXFrameworksBuildPhase section */
		D8C645F3296FCD6C00F1788C /* Frameworks */ = {
			isa = PBXFrameworksBuildPhase;
			buildActionMask = 2147483647;
			files = (
				6FD483EE7B1F9EF82129E1BF /* Pods_BookMark.framework in Frameworks */,
			);
			runOnlyForDeploymentPostprocessing = 0;
		};
		D8C64603296FCD6E00F1788C /* Frameworks */ = {
			isa = PBXFrameworksBuildPhase;
			buildActionMask = 2147483647;
			files = (
				2853286D7B5C8657AA2BF6E2 /* Pods_BookMarkTests.framework in Frameworks */,
			);
			runOnlyForDeploymentPostprocessing = 0;
		};
		D8C6460D296FCD6E00F1788C /* Frameworks */ = {
			isa = PBXFrameworksBuildPhase;
			buildActionMask = 2147483647;
			files = (
				2D1792F120AE6B7E7D9865EF /* Pods_BookMark_BookMarkUITests.framework in Frameworks */,
			);
			runOnlyForDeploymentPostprocessing = 0;
		};
/* End PBXFrameworksBuildPhase section */

/* Begin PBXGroup section */
		06672437362F14F0156E1E57 /* Pods */ = {
			isa = PBXGroup;
			children = (
				CF9488F01DA31CD538AFBA6D /* Pods-BookMark.debug.xcconfig */,
				AEAA0129621F762D1239F6D6 /* Pods-BookMark.release.xcconfig */,
				DC75CD3B0FD21F69F45AB131 /* Pods-BookMark-BookMarkUITests.debug.xcconfig */,
				58B60F12C7B7E0A176175498 /* Pods-BookMark-BookMarkUITests.release.xcconfig */,
				082E49B6D62BF225F9EE38F5 /* Pods-BookMarkTests.debug.xcconfig */,
				40DF0F88903E476A2D0F5C5E /* Pods-BookMarkTests.release.xcconfig */,
			);
			path = Pods;
			sourceTree = "<group>";
		};
		C70166675102162B6796B89A /* Frameworks */ = {
			isa = PBXGroup;
			children = (
				2B53A072B755B88F76123F0E /* Pods_BookMark.framework */,
				4CE0D97CE21C9309C8379535 /* Pods_BookMark_BookMarkUITests.framework */,
				0634748C1B2B1E9AB6E9148F /* Pods_BookMarkTests.framework */,
			);
			name = Frameworks;
			sourceTree = "<group>";
		};
		D83CF71829727CB30032A43D /* Extension */ = {
			isa = PBXGroup;
			children = (
				D83CF71629727CAC0032A43D /* StringExtension.swift */,
				D8AD980529716120001AE558 /* ColorExtension.swift */,
			);
			path = Extension;
			sourceTree = "<group>";
		};
		D83CF71C2972A6D90032A43D /* Rows */ = {
			isa = PBXGroup;
			children = (
				D83CF71D2972A6E80032A43D /* MyBookRowView.swift */,
			);
			path = Rows;
			sourceTree = "<group>";
		};
		D83CF7242972BBF00032A43D /* CoreData */ = {
			isa = PBXGroup;
			children = (
				D83CF7212972BA980032A43D /* BookModel.xcdatamodeld */,
				D83CF72E2972C0110032A43D /* BookRead+CoreDataProperties.swift */,
				D83CF72D2972C0110032A43D /* BookRead+CoreDataClass.swift */,
				D83CF7332972F7CD0032A43D /* CoreDataManager.swift */,
			);
			path = CoreData;
			sourceTree = "<group>";
		};
		D8AD97EE297160C6001AE558 /* BookSearch */ = {
			isa = PBXGroup;
			children = (
				D8AD97EF297160C6001AE558 /* ViewModels */,
				D8AD97F1297160C6001AE558 /* Models */,
				D8AD97F3297160C6001AE558 /* Views */,
			);
			path = BookSearch;
			sourceTree = "<group>";
		};
		D8AD97EF297160C6001AE558 /* ViewModels */ = {
			isa = PBXGroup;
			children = (
				D8AD97F0297160C6001AE558 /* BookSearchViewModel.swift */,
			);
			path = ViewModels;
			sourceTree = "<group>";
		};
		D8AD97F1297160C6001AE558 /* Models */ = {
			isa = PBXGroup;
			children = (
				D8AD97F2297160C6001AE558 /* BookSearchModel.swift */,
			);
			path = Models;
			sourceTree = "<group>";
		};
		D8AD97F3297160C6001AE558 /* Views */ = {
			isa = PBXGroup;
			children = (
				D8AD97F4297160C6001AE558 /* BookSearchView.swift */,
				D8AD97F5297160C6001AE558 /* Rows */,
			);
			path = Views;
			sourceTree = "<group>";
		};
		D8AD97F5297160C6001AE558 /* Rows */ = {
			isa = PBXGroup;
			children = (
				D8AD97F6297160C6001AE558 /* BookSearchRowView.swift */,
			);
			path = Rows;
			sourceTree = "<group>";
		};
		D8AD97FB29716117001AE558 /* Main */ = {
			isa = PBXGroup;
			children = (
				D8AD97FC29716117001AE558 /* Views */,
			);
			path = Main;
			sourceTree = "<group>";
		};
		D8AD97FC29716117001AE558 /* Views */ = {
			isa = PBXGroup;
			children = (
				D8AD981229716588001AE558 /* MainView.swift */,
			);
			path = Views;
			sourceTree = "<group>";
		};
		D8AD97FF2971611A001AE558 /* MyBookList */ = {
			isa = PBXGroup;
			children = (
				D8AD98002971611A001AE558 /* Views */,
			);
			path = MyBookList;
			sourceTree = "<group>";
		};
		D8AD98002971611A001AE558 /* Views */ = {
			isa = PBXGroup;
			children = (
				D83CF71C2972A6D90032A43D /* Rows */,
				D8AD98012971611A001AE558 /* MyBookListView.swift */,
			);
			path = Views;
			sourceTree = "<group>";
		};
		D8AD980329716120001AE558 /* Util */ = {
			isa = PBXGroup;
			children = (
				D83CF71829727CB30032A43D /* Extension */,
				D8AD980629716120001AE558 /* HTTP */,
				D83CF714297278960032A43D /* Localizable.strings */,
			);
			path = Util;
			sourceTree = "<group>";
		};
		D8AD980629716120001AE558 /* HTTP */ = {
			isa = PBXGroup;
			children = (
				D8AD980729716120001AE558 /* HTTPMethod.swift */,
			);
			path = HTTP;
			sourceTree = "<group>";
		};
		D8AD980D29716123001AE558 /* openAPI */ = {
			isa = PBXGroup;
			children = (
				D8AD980E29716123001AE558 /* NaverAPIManager.swift */,
			);
			path = openAPI;
			sourceTree = "<group>";
		};
		D8C645ED296FCD6C00F1788C = {
			isa = PBXGroup;
			children = (
				D8C645F8296FCD6C00F1788C /* BookMark */,
				D8C64609296FCD6E00F1788C /* BookMarkTests */,
				D8C64613296FCD6E00F1788C /* BookMarkUITests */,
				D8C645F7296FCD6C00F1788C /* Products */,
				06672437362F14F0156E1E57 /* Pods */,
				C70166675102162B6796B89A /* Frameworks */,
			);
			sourceTree = "<group>";
		};
		D8C645F7296FCD6C00F1788C /* Products */ = {
			isa = PBXGroup;
			children = (
				D8C645F6296FCD6C00F1788C /* BookMark.app */,
				D8C64606296FCD6E00F1788C /* BookMarkTests.xctest */,
				D8C64610296FCD6E00F1788C /* BookMarkUITests.xctest */,
			);
			name = Products;
			sourceTree = "<group>";
		};
		D8C645F8296FCD6C00F1788C /* BookMark */ = {
			isa = PBXGroup;
			children = (
				D83CF7242972BBF00032A43D /* CoreData */,
				D8AD980D29716123001AE558 /* openAPI */,
				D8AD980329716120001AE558 /* Util */,
				D8AD97FF2971611A001AE558 /* MyBookList */,
				D8AD97FB29716117001AE558 /* Main */,
				D8AD97EE297160C6001AE558 /* BookSearch */,
				D8C645F9296FCD6C00F1788C /* BookMarkApp.swift */,
				D8C645FB296FCD6C00F1788C /* ContentView.swift */,
				D8C645FD296FCD6E00F1788C /* Assets.xcassets */,
				D8C645FF296FCD6E00F1788C /* Preview Content */,
			);
			path = BookMark;
			sourceTree = "<group>";
		};
		D8C645FF296FCD6E00F1788C /* Preview Content */ = {
			isa = PBXGroup;
			children = (
				D8C64600296FCD6E00F1788C /* Preview Assets.xcassets */,
			);
			path = "Preview Content";
			sourceTree = "<group>";
		};
		D8C64609296FCD6E00F1788C /* BookMarkTests */ = {
			isa = PBXGroup;
			children = (
				D8C6460A296FCD6E00F1788C /* BookMarkTests.swift */,
			);
			path = BookMarkTests;
			sourceTree = "<group>";
		};
		D8C64613296FCD6E00F1788C /* BookMarkUITests */ = {
			isa = PBXGroup;
			children = (
				D8C64614296FCD6E00F1788C /* BookMarkUITests.swift */,
				D8C64616296FCD6E00F1788C /* BookMarkUITestsLaunchTests.swift */,
			);
			path = BookMarkUITests;
			sourceTree = "<group>";
		};
/* End PBXGroup section */

/* Begin PBXNativeTarget section */
		D8C645F5296FCD6C00F1788C /* BookMark */ = {
			isa = PBXNativeTarget;
			buildConfigurationList = D8C6461A296FCD6E00F1788C /* Build configuration list for PBXNativeTarget "BookMark" */;
			buildPhases = (
				B244567C7B59498E56B474CD /* [CP] Check Pods Manifest.lock */,
				D8C645F2296FCD6C00F1788C /* Sources */,
				D8C645F3296FCD6C00F1788C /* Frameworks */,
				D8C645F4296FCD6C00F1788C /* Resources */,
				91601AED269B58910FAF73C3 /* [CP] Embed Pods Frameworks */,
			);
			buildRules = (
			);
			dependencies = (
			);
			name = BookMark;
			productName = BookMark;
			productReference = D8C645F6296FCD6C00F1788C /* BookMark.app */;
			productType = "com.apple.product-type.application";
		};
		D8C64605296FCD6E00F1788C /* BookMarkTests */ = {
			isa = PBXNativeTarget;
			buildConfigurationList = D8C6461D296FCD6E00F1788C /* Build configuration list for PBXNativeTarget "BookMarkTests" */;
			buildPhases = (
				44CD87CC388A11F430DDB816 /* [CP] Check Pods Manifest.lock */,
				D8C64602296FCD6E00F1788C /* Sources */,
				D8C64603296FCD6E00F1788C /* Frameworks */,
				D8C64604296FCD6E00F1788C /* Resources */,
			);
			buildRules = (
			);
			dependencies = (
				D8C64608296FCD6E00F1788C /* PBXTargetDependency */,
			);
			name = BookMarkTests;
			productName = BookMarkTests;
			productReference = D8C64606296FCD6E00F1788C /* BookMarkTests.xctest */;
			productType = "com.apple.product-type.bundle.unit-test";
		};
		D8C6460F296FCD6E00F1788C /* BookMarkUITests */ = {
			isa = PBXNativeTarget;
			buildConfigurationList = D8C64620296FCD6E00F1788C /* Build configuration list for PBXNativeTarget "BookMarkUITests" */;
			buildPhases = (
				B635BC62D84C03E84A661CA4 /* [CP] Check Pods Manifest.lock */,
				D8C6460C296FCD6E00F1788C /* Sources */,
				D8C6460D296FCD6E00F1788C /* Frameworks */,
				D8C6460E296FCD6E00F1788C /* Resources */,
				01D0F64F79C4CBF17AE3E203 /* [CP] Embed Pods Frameworks */,
			);
			buildRules = (
			);
			dependencies = (
				D8C64612296FCD6E00F1788C /* PBXTargetDependency */,
			);
			name = BookMarkUITests;
			productName = BookMarkUITests;
			productReference = D8C64610296FCD6E00F1788C /* BookMarkUITests.xctest */;
			productType = "com.apple.product-type.bundle.ui-testing";
		};
/* End PBXNativeTarget section */

/* Begin PBXProject section */
		D8C645EE296FCD6C00F1788C /* Project object */ = {
			isa = PBXProject;
			attributes = {
				BuildIndependentTargetsInParallel = 1;
				LastSwiftUpdateCheck = 1420;
				LastUpgradeCheck = 1420;
				TargetAttributes = {
					D8C645F5296FCD6C00F1788C = {
						CreatedOnToolsVersion = 14.2;
					};
					D8C64605296FCD6E00F1788C = {
						CreatedOnToolsVersion = 14.2;
						TestTargetID = D8C645F5296FCD6C00F1788C;
					};
					D8C6460F296FCD6E00F1788C = {
						CreatedOnToolsVersion = 14.2;
						TestTargetID = D8C645F5296FCD6C00F1788C;
					};
				};
			};
			buildConfigurationList = D8C645F1296FCD6C00F1788C /* Build configuration list for PBXProject "BookMark" */;
			compatibilityVersion = "Xcode 14.0";
			developmentRegion = en;
			hasScannedForEncodings = 0;
			knownRegions = (
				en,
				Base,
				ko,
			);
			mainGroup = D8C645ED296FCD6C00F1788C;
			productRefGroup = D8C645F7296FCD6C00F1788C /* Products */;
			projectDirPath = "";
			projectRoot = "";
			targets = (
				D8C645F5296FCD6C00F1788C /* BookMark */,
				D8C64605296FCD6E00F1788C /* BookMarkTests */,
				D8C6460F296FCD6E00F1788C /* BookMarkUITests */,
			);
		};
/* End PBXProject section */

/* Begin PBXResourcesBuildPhase section */
		D8C645F4296FCD6C00F1788C /* Resources */ = {
			isa = PBXResourcesBuildPhase;
			buildActionMask = 2147483647;
			files = (
				D8C64601296FCD6E00F1788C /* Preview Assets.xcassets in Resources */,
				D83CF712297278960032A43D /* Localizable.strings in Resources */,
				D8C645FE296FCD6E00F1788C /* Assets.xcassets in Resources */,
			);
			runOnlyForDeploymentPostprocessing = 0;
		};
		D8C64604296FCD6E00F1788C /* Resources */ = {
			isa = PBXResourcesBuildPhase;
			buildActionMask = 2147483647;
			files = (
			);
			runOnlyForDeploymentPostprocessing = 0;
		};
		D8C6460E296FCD6E00F1788C /* Resources */ = {
			isa = PBXResourcesBuildPhase;
			buildActionMask = 2147483647;
			files = (
			);
			runOnlyForDeploymentPostprocessing = 0;
		};
/* End PBXResourcesBuildPhase section */

/* Begin PBXShellScriptBuildPhase section */
		01D0F64F79C4CBF17AE3E203 /* [CP] Embed Pods Frameworks */ = {
			isa = PBXShellScriptBuildPhase;
			buildActionMask = 2147483647;
			files = (
			);
			inputFileListPaths = (
				"${PODS_ROOT}/Target Support Files/Pods-BookMark-BookMarkUITests/Pods-BookMark-BookMarkUITests-frameworks-${CONFIGURATION}-input-files.xcfilelist",
			);
			name = "[CP] Embed Pods Frameworks";
			outputFileListPaths = (
				"${PODS_ROOT}/Target Support Files/Pods-BookMark-BookMarkUITests/Pods-BookMark-BookMarkUITests-frameworks-${CONFIGURATION}-output-files.xcfilelist",
			);
			runOnlyForDeploymentPostprocessing = 0;
			shellPath = /bin/sh;
			shellScript = "\"${PODS_ROOT}/Target Support Files/Pods-BookMark-BookMarkUITests/Pods-BookMark-BookMarkUITests-frameworks.sh\"\n";
			showEnvVarsInLog = 0;
		};
		44CD87CC388A11F430DDB816 /* [CP] Check Pods Manifest.lock */ = {
			isa = PBXShellScriptBuildPhase;
			buildActionMask = 2147483647;
			files = (
			);
			inputFileListPaths = (
			);
			inputPaths = (
				"${PODS_PODFILE_DIR_PATH}/Podfile.lock",
				"${PODS_ROOT}/Manifest.lock",
			);
			name = "[CP] Check Pods Manifest.lock";
			outputFileListPaths = (
			);
			outputPaths = (
				"$(DERIVED_FILE_DIR)/Pods-BookMarkTests-checkManifestLockResult.txt",
			);
			runOnlyForDeploymentPostprocessing = 0;
			shellPath = /bin/sh;
			shellScript = "diff \"${PODS_PODFILE_DIR_PATH}/Podfile.lock\" \"${PODS_ROOT}/Manifest.lock\" > /dev/null\nif [ $? != 0 ] ; then\n    # print error to STDERR\n    echo \"error: The sandbox is not in sync with the Podfile.lock. Run 'pod install' or update your CocoaPods installation.\" >&2\n    exit 1\nfi\n# This output is used by Xcode 'outputs' to avoid re-running this script phase.\necho \"SUCCESS\" > \"${SCRIPT_OUTPUT_FILE_0}\"\n";
			showEnvVarsInLog = 0;
		};
		91601AED269B58910FAF73C3 /* [CP] Embed Pods Frameworks */ = {
			isa = PBXShellScriptBuildPhase;
			buildActionMask = 2147483647;
			files = (
			);
			inputFileListPaths = (
				"${PODS_ROOT}/Target Support Files/Pods-BookMark/Pods-BookMark-frameworks-${CONFIGURATION}-input-files.xcfilelist",
			);
			name = "[CP] Embed Pods Frameworks";
			outputFileListPaths = (
				"${PODS_ROOT}/Target Support Files/Pods-BookMark/Pods-BookMark-frameworks-${CONFIGURATION}-output-files.xcfilelist",
			);
			runOnlyForDeploymentPostprocessing = 0;
			shellPath = /bin/sh;
			shellScript = "\"${PODS_ROOT}/Target Support Files/Pods-BookMark/Pods-BookMark-frameworks.sh\"\n";
			showEnvVarsInLog = 0;
		};
		B244567C7B59498E56B474CD /* [CP] Check Pods Manifest.lock */ = {
			isa = PBXShellScriptBuildPhase;
			buildActionMask = 2147483647;
			files = (
			);
			inputFileListPaths = (
			);
			inputPaths = (
				"${PODS_PODFILE_DIR_PATH}/Podfile.lock",
				"${PODS_ROOT}/Manifest.lock",
			);
			name = "[CP] Check Pods Manifest.lock";
			outputFileListPaths = (
			);
			outputPaths = (
				"$(DERIVED_FILE_DIR)/Pods-BookMark-checkManifestLockResult.txt",
			);
			runOnlyForDeploymentPostprocessing = 0;
			shellPath = /bin/sh;
			shellScript = "diff \"${PODS_PODFILE_DIR_PATH}/Podfile.lock\" \"${PODS_ROOT}/Manifest.lock\" > /dev/null\nif [ $? != 0 ] ; then\n    # print error to STDERR\n    echo \"error: The sandbox is not in sync with the Podfile.lock. Run 'pod install' or update your CocoaPods installation.\" >&2\n    exit 1\nfi\n# This output is used by Xcode 'outputs' to avoid re-running this script phase.\necho \"SUCCESS\" > \"${SCRIPT_OUTPUT_FILE_0}\"\n";
			showEnvVarsInLog = 0;
		};
		B635BC62D84C03E84A661CA4 /* [CP] Check Pods Manifest.lock */ = {
			isa = PBXShellScriptBuildPhase;
			buildActionMask = 2147483647;
			files = (
			);
			inputFileListPaths = (
			);
			inputPaths = (
				"${PODS_PODFILE_DIR_PATH}/Podfile.lock",
				"${PODS_ROOT}/Manifest.lock",
			);
			name = "[CP] Check Pods Manifest.lock";
			outputFileListPaths = (
			);
			outputPaths = (
				"$(DERIVED_FILE_DIR)/Pods-BookMark-BookMarkUITests-checkManifestLockResult.txt",
			);
			runOnlyForDeploymentPostprocessing = 0;
			shellPath = /bin/sh;
			shellScript = "diff \"${PODS_PODFILE_DIR_PATH}/Podfile.lock\" \"${PODS_ROOT}/Manifest.lock\" > /dev/null\nif [ $? != 0 ] ; then\n    # print error to STDERR\n    echo \"error: The sandbox is not in sync with the Podfile.lock. Run 'pod install' or update your CocoaPods installation.\" >&2\n    exit 1\nfi\n# This output is used by Xcode 'outputs' to avoid re-running this script phase.\necho \"SUCCESS\" > \"${SCRIPT_OUTPUT_FILE_0}\"\n";
			showEnvVarsInLog = 0;
		};
/* End PBXShellScriptBuildPhase section */

/* Begin PBXSourcesBuildPhase section */
		D8C645F2296FCD6C00F1788C /* Sources */ = {
			isa = PBXSourcesBuildPhase;
			buildActionMask = 2147483647;
			files = (
				D83CF7342972F7CD0032A43D /* CoreDataManager.swift in Sources */,
				D8C645FC296FCD6C00F1788C /* ContentView.swift in Sources */,
				D8AD981329716588001AE558 /* MainView.swift in Sources */,
				D83CF71E2972A6E80032A43D /* MyBookRowView.swift in Sources */,
				D8AD97F7297160C6001AE558 /* BookSearchViewModel.swift in Sources */,
				D83CF72F2972C0110032A43D /* BookRead+CoreDataClass.swift in Sources */,
				D83CF7232972BA980032A43D /* BookModel.xcdatamodeld in Sources */,
				D8AD980B29716120001AE558 /* HTTPMethod.swift in Sources */,
				D8AD97F9297160C6001AE558 /* BookSearchView.swift in Sources */,
				D8AD97F8297160C6001AE558 /* BookSearchModel.swift in Sources */,
				D8AD97FA297160C6001AE558 /* BookSearchRowView.swift in Sources */,
				D83CF7302972C0110032A43D /* BookRead+CoreDataProperties.swift in Sources */,
				D8C645FA296FCD6C00F1788C /* BookMarkApp.swift in Sources */,
				D8AD980F29716123001AE558 /* NaverAPIManager.swift in Sources */,
				D8AD98022971611A001AE558 /* MyBookListView.swift in Sources */,
				D83CF71729727CAC0032A43D /* StringExtension.swift in Sources */,
				D8AD980A29716120001AE558 /* ColorExtension.swift in Sources */,
			);
			runOnlyForDeploymentPostprocessing = 0;
		};
		D8C64602296FCD6E00F1788C /* Sources */ = {
			isa = PBXSourcesBuildPhase;
			buildActionMask = 2147483647;
			files = (
				D8C6460B296FCD6E00F1788C /* BookMarkTests.swift in Sources */,
			);
			runOnlyForDeploymentPostprocessing = 0;
		};
		D8C6460C296FCD6E00F1788C /* Sources */ = {
			isa = PBXSourcesBuildPhase;
			buildActionMask = 2147483647;
			files = (
				D8C64617296FCD6E00F1788C /* BookMarkUITestsLaunchTests.swift in Sources */,
				D8C64615296FCD6E00F1788C /* BookMarkUITests.swift in Sources */,
			);
			runOnlyForDeploymentPostprocessing = 0;
		};
/* End PBXSourcesBuildPhase section */

/* Begin PBXTargetDependency section */
		D8C64608296FCD6E00F1788C /* PBXTargetDependency */ = {
			isa = PBXTargetDependency;
			target = D8C645F5296FCD6C00F1788C /* BookMark */;
			targetProxy = D8C64607296FCD6E00F1788C /* PBXContainerItemProxy */;
		};
		D8C64612296FCD6E00F1788C /* PBXTargetDependency */ = {
			isa = PBXTargetDependency;
			target = D8C645F5296FCD6C00F1788C /* BookMark */;
			targetProxy = D8C64611296FCD6E00F1788C /* PBXContainerItemProxy */;
		};
/* End PBXTargetDependency section */

/* Begin PBXVariantGroup section */
		D83CF714297278960032A43D /* Localizable.strings */ = {
			isa = PBXVariantGroup;
			children = (
				D83CF713297278960032A43D /* en */,
				D83CF715297278BB0032A43D /* ko */,
			);
			name = Localizable.strings;
			sourceTree = "<group>";
		};
/* End PBXVariantGroup section */

/* Begin XCBuildConfiguration section */
		D8C64618296FCD6E00F1788C /* Debug */ = {
			isa = XCBuildConfiguration;
			buildSettings = {
				ALWAYS_SEARCH_USER_PATHS = NO;
				CLANG_ANALYZER_LOCALIZABILITY_NONLOCALIZED = YES;
				CLANG_ANALYZER_NONNULL = YES;
				CLANG_ANALYZER_NUMBER_OBJECT_CONVERSION = YES_AGGRESSIVE;
				CLANG_CXX_LANGUAGE_STANDARD = "gnu++20";
				CLANG_ENABLE_MODULES = YES;
				CLANG_ENABLE_OBJC_ARC = YES;
				CLANG_ENABLE_OBJC_WEAK = YES;
				CLANG_WARN_BLOCK_CAPTURE_AUTORELEASING = YES;
				CLANG_WARN_BOOL_CONVERSION = YES;
				CLANG_WARN_COMMA = YES;
				CLANG_WARN_CONSTANT_CONVERSION = YES;
				CLANG_WARN_DEPRECATED_OBJC_IMPLEMENTATIONS = YES;
				CLANG_WARN_DIRECT_OBJC_ISA_USAGE = YES_ERROR;
				CLANG_WARN_DOCUMENTATION_COMMENTS = YES;
				CLANG_WARN_EMPTY_BODY = YES;
				CLANG_WARN_ENUM_CONVERSION = YES;
				CLANG_WARN_INFINITE_RECURSION = YES;
				CLANG_WARN_INT_CONVERSION = YES;
				CLANG_WARN_NON_LITERAL_NULL_CONVERSION = YES;
				CLANG_WARN_OBJC_IMPLICIT_RETAIN_SELF = YES;
				CLANG_WARN_OBJC_LITERAL_CONVERSION = YES;
				CLANG_WARN_OBJC_ROOT_CLASS = YES_ERROR;
				CLANG_WARN_QUOTED_INCLUDE_IN_FRAMEWORK_HEADER = YES;
				CLANG_WARN_RANGE_LOOP_ANALYSIS = YES;
				CLANG_WARN_STRICT_PROTOTYPES = YES;
				CLANG_WARN_SUSPICIOUS_MOVE = YES;
				CLANG_WARN_UNGUARDED_AVAILABILITY = YES_AGGRESSIVE;
				CLANG_WARN_UNREACHABLE_CODE = YES;
				CLANG_WARN__DUPLICATE_METHOD_MATCH = YES;
				COPY_PHASE_STRIP = NO;
				DEBUG_INFORMATION_FORMAT = dwarf;
				ENABLE_STRICT_OBJC_MSGSEND = YES;
				ENABLE_TESTABILITY = YES;
				GCC_C_LANGUAGE_STANDARD = gnu11;
				GCC_DYNAMIC_NO_PIC = NO;
				GCC_NO_COMMON_BLOCKS = YES;
				GCC_OPTIMIZATION_LEVEL = 0;
				GCC_PREPROCESSOR_DEFINITIONS = (
					"DEBUG=1",
					"$(inherited)",
				);
				GCC_WARN_64_TO_32_BIT_CONVERSION = YES;
				GCC_WARN_ABOUT_RETURN_TYPE = YES_ERROR;
				GCC_WARN_UNDECLARED_SELECTOR = YES;
				GCC_WARN_UNINITIALIZED_AUTOS = YES_AGGRESSIVE;
				GCC_WARN_UNUSED_FUNCTION = YES;
				GCC_WARN_UNUSED_VARIABLE = YES;
				IPHONEOS_DEPLOYMENT_TARGET = 16.2;
				MTL_ENABLE_DEBUG_INFO = INCLUDE_SOURCE;
				MTL_FAST_MATH = YES;
				ONLY_ACTIVE_ARCH = YES;
				SDKROOT = iphoneos;
				SWIFT_ACTIVE_COMPILATION_CONDITIONS = DEBUG;
				SWIFT_OPTIMIZATION_LEVEL = "-Onone";
			};
			name = Debug;
		};
		D8C64619296FCD6E00F1788C /* Release */ = {
			isa = XCBuildConfiguration;
			buildSettings = {
				ALWAYS_SEARCH_USER_PATHS = NO;
				CLANG_ANALYZER_LOCALIZABILITY_NONLOCALIZED = YES;
				CLANG_ANALYZER_NONNULL = YES;
				CLANG_ANALYZER_NUMBER_OBJECT_CONVERSION = YES_AGGRESSIVE;
				CLANG_CXX_LANGUAGE_STANDARD = "gnu++20";
				CLANG_ENABLE_MODULES = YES;
				CLANG_ENABLE_OBJC_ARC = YES;
				CLANG_ENABLE_OBJC_WEAK = YES;
				CLANG_WARN_BLOCK_CAPTURE_AUTORELEASING = YES;
				CLANG_WARN_BOOL_CONVERSION = YES;
				CLANG_WARN_COMMA = YES;
				CLANG_WARN_CONSTANT_CONVERSION = YES;
				CLANG_WARN_DEPRECATED_OBJC_IMPLEMENTATIONS = YES;
				CLANG_WARN_DIRECT_OBJC_ISA_USAGE = YES_ERROR;
				CLANG_WARN_DOCUMENTATION_COMMENTS = YES;
				CLANG_WARN_EMPTY_BODY = YES;
				CLANG_WARN_ENUM_CONVERSION = YES;
				CLANG_WARN_INFINITE_RECURSION = YES;
				CLANG_WARN_INT_CONVERSION = YES;
				CLANG_WARN_NON_LITERAL_NULL_CONVERSION = YES;
				CLANG_WARN_OBJC_IMPLICIT_RETAIN_SELF = YES;
				CLANG_WARN_OBJC_LITERAL_CONVERSION = YES;
				CLANG_WARN_OBJC_ROOT_CLASS = YES_ERROR;
				CLANG_WARN_QUOTED_INCLUDE_IN_FRAMEWORK_HEADER = YES;
				CLANG_WARN_RANGE_LOOP_ANALYSIS = YES;
				CLANG_WARN_STRICT_PROTOTYPES = YES;
				CLANG_WARN_SUSPICIOUS_MOVE = YES;
				CLANG_WARN_UNGUARDED_AVAILABILITY = YES_AGGRESSIVE;
				CLANG_WARN_UNREACHABLE_CODE = YES;
				CLANG_WARN__DUPLICATE_METHOD_MATCH = YES;
				COPY_PHASE_STRIP = NO;
				DEBUG_INFORMATION_FORMAT = "dwarf-with-dsym";
				ENABLE_NS_ASSERTIONS = NO;
				ENABLE_STRICT_OBJC_MSGSEND = YES;
				GCC_C_LANGUAGE_STANDARD = gnu11;
				GCC_NO_COMMON_BLOCKS = YES;
				GCC_WARN_64_TO_32_BIT_CONVERSION = YES;
				GCC_WARN_ABOUT_RETURN_TYPE = YES_ERROR;
				GCC_WARN_UNDECLARED_SELECTOR = YES;
				GCC_WARN_UNINITIALIZED_AUTOS = YES_AGGRESSIVE;
				GCC_WARN_UNUSED_FUNCTION = YES;
				GCC_WARN_UNUSED_VARIABLE = YES;
				IPHONEOS_DEPLOYMENT_TARGET = 16.2;
				MTL_ENABLE_DEBUG_INFO = NO;
				MTL_FAST_MATH = YES;
				SDKROOT = iphoneos;
				SWIFT_COMPILATION_MODE = wholemodule;
				SWIFT_OPTIMIZATION_LEVEL = "-O";
				VALIDATE_PRODUCT = YES;
			};
			name = Release;
		};
		D8C6461B296FCD6E00F1788C /* Debug */ = {
			isa = XCBuildConfiguration;
			baseConfigurationReference = CF9488F01DA31CD538AFBA6D /* Pods-BookMark.debug.xcconfig */;
			buildSettings = {
				ASSETCATALOG_COMPILER_APPICON_NAME = AppIcon;
				ASSETCATALOG_COMPILER_GLOBAL_ACCENT_COLOR_NAME = AccentColor;
				CODE_SIGN_STYLE = Automatic;
				CURRENT_PROJECT_VERSION = 1;
				DEVELOPMENT_ASSET_PATHS = "\"BookMark/Preview Content\"";
				DEVELOPMENT_TEAM = 7P5S729LQZ;
				ENABLE_PREVIEWS = YES;
				GENERATE_INFOPLIST_FILE = YES;
				INFOPLIST_KEY_LSApplicationCategoryType = "public.app-category.books";
				INFOPLIST_KEY_UIApplicationSceneManifest_Generation = YES;
				INFOPLIST_KEY_UIApplicationSupportsIndirectInputEvents = YES;
				INFOPLIST_KEY_UILaunchScreen_Generation = YES;
				INFOPLIST_KEY_UISupportedInterfaceOrientations_iPad = "UIInterfaceOrientationPortrait UIInterfaceOrientationPortraitUpsideDown UIInterfaceOrientationLandscapeLeft UIInterfaceOrientationLandscapeRight";
				INFOPLIST_KEY_UISupportedInterfaceOrientations_iPhone = "UIInterfaceOrientationPortrait UIInterfaceOrientationLandscapeLeft UIInterfaceOrientationLandscapeRight";
				IPHONEOS_DEPLOYMENT_TARGET = 16.0;
				LD_RUNPATH_SEARCH_PATHS = (
					"$(inherited)",
					"@executable_path/Frameworks",
				);
				MARKETING_VERSION = 1.0;
				PRODUCT_BUNDLE_IDENTIFIER = yubeen.BookMark;
				PRODUCT_NAME = "$(TARGET_NAME)";
				SWIFT_EMIT_LOC_STRINGS = YES;
				SWIFT_VERSION = 5.0;
				TARGETED_DEVICE_FAMILY = "1,2";
			};
			name = Debug;
		};
		D8C6461C296FCD6E00F1788C /* Release */ = {
			isa = XCBuildConfiguration;
			baseConfigurationReference = AEAA0129621F762D1239F6D6 /* Pods-BookMark.release.xcconfig */;
			buildSettings = {
				ASSETCATALOG_COMPILER_APPICON_NAME = AppIcon;
				ASSETCATALOG_COMPILER_GLOBAL_ACCENT_COLOR_NAME = AccentColor;
				CODE_SIGN_STYLE = Automatic;
				CURRENT_PROJECT_VERSION = 1;
				DEVELOPMENT_ASSET_PATHS = "\"BookMark/Preview Content\"";
				DEVELOPMENT_TEAM = 7P5S729LQZ;
				ENABLE_PREVIEWS = YES;
				GENERATE_INFOPLIST_FILE = YES;
				INFOPLIST_KEY_LSApplicationCategoryType = "public.app-category.books";
				INFOPLIST_KEY_UIApplicationSceneManifest_Generation = YES;
				INFOPLIST_KEY_UIApplicationSupportsIndirectInputEvents = YES;
				INFOPLIST_KEY_UILaunchScreen_Generation = YES;
				INFOPLIST_KEY_UISupportedInterfaceOrientations_iPad = "UIInterfaceOrientationPortrait UIInterfaceOrientationPortraitUpsideDown UIInterfaceOrientationLandscapeLeft UIInterfaceOrientationLandscapeRight";
				INFOPLIST_KEY_UISupportedInterfaceOrientations_iPhone = "UIInterfaceOrientationPortrait UIInterfaceOrientationLandscapeLeft UIInterfaceOrientationLandscapeRight";
				IPHONEOS_DEPLOYMENT_TARGET = 16.0;
				LD_RUNPATH_SEARCH_PATHS = (
					"$(inherited)",
					"@executable_path/Frameworks",
				);
				MARKETING_VERSION = 1.0;
				PRODUCT_BUNDLE_IDENTIFIER = yubeen.BookMark;
				PRODUCT_NAME = "$(TARGET_NAME)";
				SWIFT_EMIT_LOC_STRINGS = YES;
				SWIFT_VERSION = 5.0;
				TARGETED_DEVICE_FAMILY = "1,2";
			};
			name = Release;
		};
		D8C6461E296FCD6E00F1788C /* Debug */ = {
			isa = XCBuildConfiguration;
			baseConfigurationReference = 082E49B6D62BF225F9EE38F5 /* Pods-BookMarkTests.debug.xcconfig */;
			buildSettings = {
				ALWAYS_EMBED_SWIFT_STANDARD_LIBRARIES = YES;
				BUNDLE_LOADER = "$(TEST_HOST)";
				CODE_SIGN_STYLE = Automatic;
				CURRENT_PROJECT_VERSION = 1;
				DEVELOPMENT_TEAM = 7P5S729LQZ;
				GENERATE_INFOPLIST_FILE = YES;
				IPHONEOS_DEPLOYMENT_TARGET = 16.2;
				MARKETING_VERSION = 1.0;
				PRODUCT_BUNDLE_IDENTIFIER = yubeen.BookMarkTests;
				PRODUCT_NAME = "$(TARGET_NAME)";
				SWIFT_EMIT_LOC_STRINGS = NO;
				SWIFT_VERSION = 5.0;
				TARGETED_DEVICE_FAMILY = "1,2";
				TEST_HOST = "$(BUILT_PRODUCTS_DIR)/BookMark.app/$(BUNDLE_EXECUTABLE_FOLDER_PATH)/BookMark";
			};
			name = Debug;
		};
		D8C6461F296FCD6E00F1788C /* Release */ = {
			isa = XCBuildConfiguration;
			baseConfigurationReference = 40DF0F88903E476A2D0F5C5E /* Pods-BookMarkTests.release.xcconfig */;
			buildSettings = {
				ALWAYS_EMBED_SWIFT_STANDARD_LIBRARIES = YES;
				BUNDLE_LOADER = "$(TEST_HOST)";
				CODE_SIGN_STYLE = Automatic;
				CURRENT_PROJECT_VERSION = 1;
				DEVELOPMENT_TEAM = 7P5S729LQZ;
				GENERATE_INFOPLIST_FILE = YES;
				IPHONEOS_DEPLOYMENT_TARGET = 16.2;
				MARKETING_VERSION = 1.0;
				PRODUCT_BUNDLE_IDENTIFIER = yubeen.BookMarkTests;
				PRODUCT_NAME = "$(TARGET_NAME)";
				SWIFT_EMIT_LOC_STRINGS = NO;
				SWIFT_VERSION = 5.0;
				TARGETED_DEVICE_FAMILY = "1,2";
				TEST_HOST = "$(BUILT_PRODUCTS_DIR)/BookMark.app/$(BUNDLE_EXECUTABLE_FOLDER_PATH)/BookMark";
			};
			name = Release;
		};
		D8C64621296FCD6E00F1788C /* Debug */ = {
			isa = XCBuildConfiguration;
			baseConfigurationReference = DC75CD3B0FD21F69F45AB131 /* Pods-BookMark-BookMarkUITests.debug.xcconfig */;
			buildSettings = {
				ALWAYS_EMBED_SWIFT_STANDARD_LIBRARIES = YES;
				CODE_SIGN_STYLE = Automatic;
				CURRENT_PROJECT_VERSION = 1;
				DEVELOPMENT_TEAM = 7P5S729LQZ;
				GENERATE_INFOPLIST_FILE = YES;
				MARKETING_VERSION = 1.0;
				PRODUCT_BUNDLE_IDENTIFIER = yubeen.BookMarkUITests;
				PRODUCT_NAME = "$(TARGET_NAME)";
				SWIFT_EMIT_LOC_STRINGS = NO;
				SWIFT_VERSION = 5.0;
				TARGETED_DEVICE_FAMILY = "1,2";
				TEST_TARGET_NAME = BookMark;
			};
			name = Debug;
		};
		D8C64622296FCD6E00F1788C /* Release */ = {
			isa = XCBuildConfiguration;
			baseConfigurationReference = 58B60F12C7B7E0A176175498 /* Pods-BookMark-BookMarkUITests.release.xcconfig */;
			buildSettings = {
				ALWAYS_EMBED_SWIFT_STANDARD_LIBRARIES = YES;
				CODE_SIGN_STYLE = Automatic;
				CURRENT_PROJECT_VERSION = 1;
				DEVELOPMENT_TEAM = 7P5S729LQZ;
				GENERATE_INFOPLIST_FILE = YES;
				MARKETING_VERSION = 1.0;
				PRODUCT_BUNDLE_IDENTIFIER = yubeen.BookMarkUITests;
				PRODUCT_NAME = "$(TARGET_NAME)";
				SWIFT_EMIT_LOC_STRINGS = NO;
				SWIFT_VERSION = 5.0;
				TARGETED_DEVICE_FAMILY = "1,2";
				TEST_TARGET_NAME = BookMark;
			};
			name = Release;
		};
/* End XCBuildConfiguration section */

/* Begin XCConfigurationList section */
		D8C645F1296FCD6C00F1788C /* Build configuration list for PBXProject "BookMark" */ = {
			isa = XCConfigurationList;
			buildConfigurations = (
				D8C64618296FCD6E00F1788C /* Debug */,
				D8C64619296FCD6E00F1788C /* Release */,
			);
			defaultConfigurationIsVisible = 0;
			defaultConfigurationName = Release;
		};
		D8C6461A296FCD6E00F1788C /* Build configuration list for PBXNativeTarget "BookMark" */ = {
			isa = XCConfigurationList;
			buildConfigurations = (
				D8C6461B296FCD6E00F1788C /* Debug */,
				D8C6461C296FCD6E00F1788C /* Release */,
			);
			defaultConfigurationIsVisible = 0;
			defaultConfigurationName = Release;
		};
		D8C6461D296FCD6E00F1788C /* Build configuration list for PBXNativeTarget "BookMarkTests" */ = {
			isa = XCConfigurationList;
			buildConfigurations = (
				D8C6461E296FCD6E00F1788C /* Debug */,
				D8C6461F296FCD6E00F1788C /* Release */,
			);
			defaultConfigurationIsVisible = 0;
			defaultConfigurationName = Release;
		};
		D8C64620296FCD6E00F1788C /* Build configuration list for PBXNativeTarget "BookMarkUITests" */ = {
			isa = XCConfigurationList;
			buildConfigurations = (
				D8C64621296FCD6E00F1788C /* Debug */,
				D8C64622296FCD6E00F1788C /* Release */,
			);
			defaultConfigurationIsVisible = 0;
			defaultConfigurationName = Release;
		};
/* End XCConfigurationList section */

/* Begin XCVersionGroup section */
		D83CF7212972BA980032A43D /* BookModel.xcdatamodeld */ = {
			isa = XCVersionGroup;
			children = (
				D83CF7222972BA980032A43D /* BookModel.xcdatamodel */,
			);
			currentVersion = D83CF7222972BA980032A43D /* BookModel.xcdatamodel */;
			path = BookModel.xcdatamodeld;
			sourceTree = "<group>";
			versionGroupType = wrapper.xcdatamodel;
		};
/* End XCVersionGroup section */
	};
	rootObject = D8C645EE296FCD6C00F1788C /* Project object */;
}
